<?xml version="1.0" encoding="UTF-8"?>
<CodeBlocks_project_file>
	<FileVersion major="1" minor="6"/>
	<Project>
		<Option title="bomberman"/>
		<Option makefile_is_custom="1"/>
		<Option compiler="gcc"/>
		<Option virtualFolders="CMake Files\;"/>
		<Build>
			<Target title="all">
				<Option working_dir="/home/dclement/EPITECH/second_year/OOP_indie_studio_2018"/>
				<Option type="4"/>
				<MakeCommands>
					<Build command="/usr/bin/gmake -j4 -f &quot;/home/dclement/EPITECH/second_year/OOP_indie_studio_2018/Makefile&quot;  VERBOSE=1 all"/>
					<CompileFile command="/usr/bin/gmake -j4 -f &quot;/home/dclement/EPITECH/second_year/OOP_indie_studio_2018/Makefile&quot;  VERBOSE=1 &quot;$file&quot;"/>
					<Clean command="/usr/bin/gmake -j4 -f &quot;/home/dclement/EPITECH/second_year/OOP_indie_studio_2018/Makefile&quot;  VERBOSE=1 clean"/>
					<DistClean command="/usr/bin/gmake -j4 -f &quot;/home/dclement/EPITECH/second_year/OOP_indie_studio_2018/Makefile&quot;  VERBOSE=1 clean"/>
				</MakeCommands>
			</Target>
			<Target title="rebuild_cache">
				<Option working_dir="/home/dclement/EPITECH/second_year/OOP_indie_studio_2018"/>
				<Option type="4"/>
				<MakeCommands>
					<Build command="/usr/bin/gmake -j4 -f &quot;/home/dclement/EPITECH/second_year/OOP_indie_studio_2018/Makefile&quot;  VERBOSE=1 rebuild_cache"/>
					<CompileFile command="/usr/bin/gmake -j4 -f &quot;/home/dclement/EPITECH/second_year/OOP_indie_studio_2018/Makefile&quot;  VERBOSE=1 &quot;$file&quot;"/>
					<Clean command="/usr/bin/gmake -j4 -f &quot;/home/dclement/EPITECH/second_year/OOP_indie_studio_2018/Makefile&quot;  VERBOSE=1 clean"/>
					<DistClean command="/usr/bin/gmake -j4 -f &quot;/home/dclement/EPITECH/second_year/OOP_indie_studio_2018/Makefile&quot;  VERBOSE=1 clean"/>
				</MakeCommands>
			</Target>
			<Target title="bomberman">
				<Option output="/home/dclement/EPITECH/second_year/OOP_indie_studio_2018/bin/bomberman" prefix_auto="0" extension_auto="0"/>
				<Option working_dir="/home/dclement/EPITECH/second_year/OOP_indie_studio_2018/bin"/>
				<Option object_output="./"/>
				<Option type="1"/>
				<Option compiler="gcc"/>
				<Compiler>
					<Add directory="/home/dclement/EPITECH/second_year/OOP_indie_studio_2018/lib/irrLicht/include"/>
					<Add directory="/home/dclement/EPITECH/second_year/OOP_indie_studio_2018/srcs/Game/Map"/>
					<Add directory="/home/dclement/EPITECH/second_year/OOP_indie_studio_2018/srcs/Game/Logic"/>
					<Add directory="/home/dclement/EPITECH/second_year/OOP_indie_studio_2018/srcs/Game/Events"/>
					<Add directory="/home/dclement/EPITECH/second_year/OOP_indie_studio_2018/srcs/Game/Display"/>
					<Add directory="/home/dclement/EPITECH/second_year/OOP_indie_studio_2018/srcs/Game/Characters"/>
					<Add directory="/home/dclement/EPITECH/second_year/OOP_indie_studio_2018/srcs/Game/Menu"/>
					<Add directory="/home/dclement/EPITECH/second_year/OOP_indie_studio_2018/srcs/Game/Tool"/>
					<Add directory="/home/dclement/EPITECH/second_year/OOP_indie_studio_2018/srcs/Core"/>
					<Add directory="/usr/lib/gcc/x86_64-redhat-linux/7/../../../../include/c++/7"/>
					<Add directory="/usr/lib/gcc/x86_64-redhat-linux/7/../../../../include/c++/7/x86_64-redhat-linux"/>
					<Add directory="/usr/lib/gcc/x86_64-redhat-linux/7/../../../../include/c++/7/backward"/>
					<Add directory="/usr/lib/gcc/x86_64-redhat-linux/7/include"/>
					<Add directory="/usr/local/include"/>
					<Add directory="/usr/include"/>
				</Compiler>
				<MakeCommands>
					<Build command="/usr/bin/gmake -j4 -f &quot;/home/dclement/EPITECH/second_year/OOP_indie_studio_2018/Makefile&quot;  VERBOSE=1 bomberman"/>
					<CompileFile command="/usr/bin/gmake -j4 -f &quot;/home/dclement/EPITECH/second_year/OOP_indie_studio_2018/Makefile&quot;  VERBOSE=1 &quot;$file&quot;"/>
					<Clean command="/usr/bin/gmake -j4 -f &quot;/home/dclement/EPITECH/second_year/OOP_indie_studio_2018/Makefile&quot;  VERBOSE=1 clean"/>
					<DistClean command="/usr/bin/gmake -j4 -f &quot;/home/dclement/EPITECH/second_year/OOP_indie_studio_2018/Makefile&quot;  VERBOSE=1 clean"/>
				</MakeCommands>
			</Target>
			<Target title="bomberman/fast">
				<Option output="/home/dclement/EPITECH/second_year/OOP_indie_studio_2018/bin/bomberman" prefix_auto="0" extension_auto="0"/>
				<Option working_dir="/home/dclement/EPITECH/second_year/OOP_indie_studio_2018/bin"/>
				<Option object_output="./"/>
				<Option type="1"/>
				<Option compiler="gcc"/>
				<Compiler>
					<Add directory="/home/dclement/EPITECH/second_year/OOP_indie_studio_2018/lib/irrLicht/include"/>
					<Add directory="/home/dclement/EPITECH/second_year/OOP_indie_studio_2018/srcs/Game/Map"/>
					<Add directory="/home/dclement/EPITECH/second_year/OOP_indie_studio_2018/srcs/Game/Logic"/>
					<Add directory="/home/dclement/EPITECH/second_year/OOP_indie_studio_2018/srcs/Game/Events"/>
					<Add directory="/home/dclement/EPITECH/second_year/OOP_indie_studio_2018/srcs/Game/Display"/>
					<Add directory="/home/dclement/EPITECH/second_year/OOP_indie_studio_2018/srcs/Game/Characters"/>
					<Add directory="/home/dclement/EPITECH/second_year/OOP_indie_studio_2018/srcs/Game/Menu"/>
					<Add directory="/home/dclement/EPITECH/second_year/OOP_indie_studio_2018/srcs/Game/Tool"/>
					<Add directory="/home/dclement/EPITECH/second_year/OOP_indie_studio_2018/srcs/Core"/>
					<Add directory="/usr/lib/gcc/x86_64-redhat-linux/7/../../../../include/c++/7"/>
					<Add directory="/usr/lib/gcc/x86_64-redhat-linux/7/../../../../include/c++/7/x86_64-redhat-linux"/>
					<Add directory="/usr/lib/gcc/x86_64-redhat-linux/7/../../../../include/c++/7/backward"/>
					<Add directory="/usr/lib/gcc/x86_64-redhat-linux/7/include"/>
					<Add directory="/usr/local/include"/>
					<Add directory="/usr/include"/>
				</Compiler>
				<MakeCommands>
					<Build command="/usr/bin/gmake -j4 -f &quot;/home/dclement/EPITECH/second_year/OOP_indie_studio_2018/Makefile&quot;  VERBOSE=1 bomberman/fast"/>
					<CompileFile command="/usr/bin/gmake -j4 -f &quot;/home/dclement/EPITECH/second_year/OOP_indie_studio_2018/Makefile&quot;  VERBOSE=1 &quot;$file&quot;"/>
					<Clean command="/usr/bin/gmake -j4 -f &quot;/home/dclement/EPITECH/second_year/OOP_indie_studio_2018/Makefile&quot;  VERBOSE=1 clean"/>
					<DistClean command="/usr/bin/gmake -j4 -f &quot;/home/dclement/EPITECH/second_year/OOP_indie_studio_2018/Makefile&quot;  VERBOSE=1 clean"/>
				</MakeCommands>
			</Target>
			<Target title="edit_cache">
				<Option working_dir="/home/dclement/EPITECH/second_year/OOP_indie_studio_2018"/>
				<Option type="4"/>
				<MakeCommands>
					<Build command="/usr/bin/gmake -j4 -f &quot;/home/dclement/EPITECH/second_year/OOP_indie_studio_2018/Makefile&quot;  VERBOSE=1 edit_cache"/>
					<CompileFile command="/usr/bin/gmake -j4 -f &quot;/home/dclement/EPITECH/second_year/OOP_indie_studio_2018/Makefile&quot;  VERBOSE=1 &quot;$file&quot;"/>
					<Clean command="/usr/bin/gmake -j4 -f &quot;/home/dclement/EPITECH/second_year/OOP_indie_studio_2018/Makefile&quot;  VERBOSE=1 clean"/>
					<DistClean command="/usr/bin/gmake -j4 -f &quot;/home/dclement/EPITECH/second_year/OOP_indie_studio_2018/Makefile&quot;  VERBOSE=1 clean"/>
				</MakeCommands>
			</Target>
		</Build>
		<Unit filename="/home/dclement/EPITECH/second_year/OOP_indie_studio_2018/srcs/Core/Bomberman.cpp">
			<Option target="bomberman"/>
		</Unit>
		<Unit filename="/home/dclement/EPITECH/second_year/OOP_indie_studio_2018/srcs/Core/Bomberman.hpp">
			<Option target="bomberman"/>
		</Unit>
		<Unit filename="/home/dclement/EPITECH/second_year/OOP_indie_studio_2018/srcs/Game/Characters/ACharacter.cpp">
			<Option target="bomberman"/>
		</Unit>
		<Unit filename="/home/dclement/EPITECH/second_year/OOP_indie_studio_2018/srcs/Game/Characters/ACharacter.hpp">
			<Option target="bomberman"/>
		</Unit>
		<Unit filename="/home/dclement/EPITECH/second_year/OOP_indie_studio_2018/srcs/Game/Characters/Bot.cpp">
			<Option target="bomberman"/>
		</Unit>
		<Unit filename="/home/dclement/EPITECH/second_year/OOP_indie_studio_2018/srcs/Game/Characters/Bot.hpp">
			<Option target="bomberman"/>
		</Unit>
		<Unit filename="/home/dclement/EPITECH/second_year/OOP_indie_studio_2018/srcs/Game/Characters/Player.cpp">
			<Option target="bomberman"/>
		</Unit>
		<Unit filename="/home/dclement/EPITECH/second_year/OOP_indie_studio_2018/srcs/Game/Characters/Player.hpp">
			<Option target="bomberman"/>
		</Unit>
		<Unit filename="/home/dclement/EPITECH/second_year/OOP_indie_studio_2018/srcs/Game/Display/Display.cpp">
			<Option target="bomberman"/>
		</Unit>
		<Unit filename="/home/dclement/EPITECH/second_year/OOP_indie_studio_2018/srcs/Game/Display/Display.hpp">
			<Option target="bomberman"/>
		</Unit>
		<Unit filename="/home/dclement/EPITECH/second_year/OOP_indie_studio_2018/srcs/Game/Display/DisplayLoader.cpp">
			<Option target="bomberman"/>
		</Unit>
		<Unit filename="/home/dclement/EPITECH/second_year/OOP_indie_studio_2018/srcs/Game/Display/DisplayLoader.hpp">
			<Option target="bomberman"/>
		</Unit>
		<Unit filename="/home/dclement/EPITECH/second_year/OOP_indie_studio_2018/srcs/Game/Display/IDisplay.hpp">
			<Option target="bomberman"/>
		</Unit>
		<Unit filename="/home/dclement/EPITECH/second_year/OOP_indie_studio_2018/srcs/Game/Display/IDisplayLoader.hpp">
			<Option target="bomberman"/>
		</Unit>
		<Unit filename="/home/dclement/EPITECH/second_year/OOP_indie_studio_2018/srcs/Game/Logic/AGame.hpp">
			<Option target="bomberman"/>
		</Unit>
		<Unit filename="/home/dclement/EPITECH/second_year/OOP_indie_studio_2018/srcs/Game/Logic/Game.cpp">
			<Option target="bomberman"/>
		</Unit>
		<Unit filename="/home/dclement/EPITECH/second_year/OOP_indie_studio_2018/srcs/Game/Logic/Game.hpp">
			<Option target="bomberman"/>
		</Unit>
		<Unit filename="/home/dclement/EPITECH/second_year/OOP_indie_studio_2018/srcs/Game/Map/ATile.cpp">
			<Option target="bomberman"/>
		</Unit>
		<Unit filename="/home/dclement/EPITECH/second_year/OOP_indie_studio_2018/srcs/Game/Map/ATile.hpp">
			<Option target="bomberman"/>
		</Unit>
		<Unit filename="/home/dclement/EPITECH/second_year/OOP_indie_studio_2018/srcs/Game/Map/IMap.hpp">
			<Option target="bomberman"/>
		</Unit>
		<Unit filename="/home/dclement/EPITECH/second_year/OOP_indie_studio_2018/srcs/Game/Map/Map.cpp">
			<Option target="bomberman"/>
		</Unit>
		<Unit filename="/home/dclement/EPITECH/second_year/OOP_indie_studio_2018/srcs/Game/Map/Map.hpp">
			<Option target="bomberman"/>
		</Unit>
		<Unit filename="/home/dclement/EPITECH/second_year/OOP_indie_studio_2018/srcs/Game/Map/MapData.hpp">
			<Option target="bomberman"/>
		</Unit>
		<Unit filename="/home/dclement/EPITECH/second_year/OOP_indie_studio_2018/srcs/Game/Menu/IMenu.hpp">
			<Option target="bomberman"/>
		</Unit>
		<Unit filename="/home/dclement/EPITECH/second_year/OOP_indie_studio_2018/srcs/Game/Menu/Menu.cpp">
			<Option target="bomberman"/>
		</Unit>
		<Unit filename="/home/dclement/EPITECH/second_year/OOP_indie_studio_2018/srcs/Game/Menu/Menu.hpp">
			<Option target="bomberman"/>
		</Unit>
		<Unit filename="/home/dclement/EPITECH/second_year/OOP_indie_studio_2018/srcs/Game/Tool/Reader.cpp">
			<Option target="bomberman"/>
		</Unit>
		<Unit filename="/home/dclement/EPITECH/second_year/OOP_indie_studio_2018/srcs/Game/Tool/Reader.hpp">
			<Option target="bomberman"/>
		</Unit>
		<Unit filename="/home/dclement/EPITECH/second_year/OOP_indie_studio_2018/srcs/Game/Tool/SpriteInfo.hpp">
			<Option target="bomberman"/>
		</Unit>
		<Unit filename="/home/dclement/EPITECH/second_year/OOP_indie_studio_2018/srcs/main.cpp">
			<Option target="bomberman"/>
		</Unit>
		<Unit filename="/home/dclement/EPITECH/second_year/OOP_indie_studio_2018/CMakeLists.txt">
			<Option virtualFolder="CMake Files\"/>
		</Unit>
	</Project>
</CodeBlocks_project_file>
